
Microsoft Visual Studio Solution File, Format Version 10.00
# Visual Studio 2008
Project("{FAE04EC0-301F-11D3-BF4B-00C04F79EFBC}") = "GXSQLDifference", "GXSQLDifference\GXSQLDifference.csproj", "{D31FE4B7-9AA7-4EA2-B95B-BE116DD1DA2D}"
EndProject
Global
	GlobalSection(SolutionConfigurationPlatforms) = preSolution
		Debug|Any CPU = Debug|Any CPU
		Release|Any CPU = Release|Any CPU
	EndGlobalSection
	GlobalSection(ProjectConfigurationPlatforms) = postSolution
		{D31FE4B7-9AA7-4EA2-B95B-BE116DD1DA2D}.Debug|Any CPU.ActiveCfg = Debug|Any CPU
		{D31FE4B7-9AA7-4EA2-B95B-BE116DD1DA2D}.Debug|Any CPU.Build.0 = Debug|Any CPU
		{D31FE4B7-9AA7-4EA2-B95B-BE116DD1DA2D}.Release|Any CPU.ActiveCfg = Release|Any CPU
		{D31FE4B7-9AA7-4EA2-B95B-BE116DD1DA2D}.Release|Any CPU.Build.0 = Release|Any CPU
	EndGlobalSection
	GlobalSection(SolutionProperties) = preSolution
		HideSolutionNode = FALSE
	EndGlobalSection
EndGlobal
